
Microsoft Visual Studio Solution File, Format Version 12.00
# Visual Studio Version 16
VisualStudioVersion = 16.0.30114.105
MinimumVisualStudioVersion = 10.0.40219.1
Project("{FAE04EC0-301F-11D3-BF4B-00C04F79EFBC}") = "ConcecionariaDoDev", "TestSolution.Console\ConcecionariaDoDev.csproj", "{252CD289-DC88-47EF-8C51-89438DF91120}"
EndProject
Project("{FAE04EC0-301F-11D3-BF4B-00C04F79EFBC}") = "TesteSolution.Teste", "TesteSolution.Teste\TesteSolution.Teste.csproj", "{31ED1C42-7C8A-4554-BDB5-5F6FFD7CB3D9}"
EndProject
Global
	GlobalSection(SolutionConfigurationPlatforms) = preSolution
		Debug|Any CPU = Debug|Any CPU
		Release|Any CPU = Release|Any CPU
	EndGlobalSection
	GlobalSection(SolutionProperties) = preSolution
		HideSolutionNode = FALSE
	EndGlobalSection
	GlobalSection(ProjectConfigurationPlatforms) = postSolution
		{252CD289-DC88-47EF-8C51-89438DF91120}.Debug|Any CPU.ActiveCfg = Debug|Any CPU
		{252CD289-DC88-47EF-8C51-89438DF91120}.Debug|Any CPU.Build.0 = Debug|Any CPU
		{252CD289-DC88-47EF-8C51-89438DF91120}.Release|Any CPU.ActiveCfg = Release|Any CPU
		{252CD289-DC88-47EF-8C51-89438DF91120}.Release|Any CPU.Build.0 = Release|Any CPU
		{31ED1C42-7C8A-4554-BDB5-5F6FFD7CB3D9}.Debug|Any CPU.ActiveCfg = Debug|Any CPU
		{31ED1C42-7C8A-4554-BDB5-5F6FFD7CB3D9}.Debug|Any CPU.Build.0 = Debug|Any CPU
		{31ED1C42-7C8A-4554-BDB5-5F6FFD7CB3D9}.Release|Any CPU.ActiveCfg = Release|Any CPU
		{31ED1C42-7C8A-4554-BDB5-5F6FFD7CB3D9}.Release|Any CPU.Build.0 = Release|Any CPU
	EndGlobalSection
EndGlobal
